
Microsoft Visual Studio Solution File, Format Version 11.00
# Visual Studio 2010
# SharpDevelop 5.1
Project("{FAE04EC0-301F-11D3-BF4B-00C04F79EFBC}") = "Aula05_E01", "Aula05_E01\Aula05_E01.csproj", "{62714049-387A-4EEB-928F-70AFA05EFF0C}"
EndProject
Project("{FAE04EC0-301F-11D3-BF4B-00C04F79EFBC}") = "Aula05_E02", "Aula05_E02\Aula05_E02.csproj", "{AEE5EFF5-709A-486C-A46D-A4B913FDCD27}"
EndProject
Project("{FAE04EC0-301F-11D3-BF4B-00C04F79EFBC}") = "Aula05_E03", "Aula05_E03\Aula05_E03.csproj", "{400D1558-C33B-450F-82BD-9CCC7CB41EBD}"
EndProject
Project("{FAE04EC0-301F-11D3-BF4B-00C04F79EFBC}") = "Aula05_E04", "Aula05_E04\Aula05_E04.csproj", "{6482CEC7-2458-49BB-90E7-5C393ABA58A2}"
EndProject
Project("{FAE04EC0-301F-11D3-BF4B-00C04F79EFBC}") = "Aula05_E05", "Aula05_E05\Aula05_E05.csproj", "{EDB59166-28BC-4130-91BA-64098BEAC345}"
EndProject
Project("{FAE04EC0-301F-11D3-BF4B-00C04F79EFBC}") = "Aula05_E06", "Aula05_E06\Aula05_E06.csproj", "{2A796F5B-DDDA-478C-A70D-CACD1EC0E00B}"
EndProject
Global
	GlobalSection(SolutionConfigurationPlatforms) = preSolution
		Debug|Any CPU = Debug|Any CPU
		Release|Any CPU = Release|Any CPU
	EndGlobalSection
	GlobalSection(ProjectConfigurationPlatforms) = postSolution
		{62714049-387A-4EEB-928F-70AFA05EFF0C}.Debug|Any CPU.ActiveCfg = Debug|Any CPU
		{62714049-387A-4EEB-928F-70AFA05EFF0C}.Debug|Any CPU.Build.0 = Debug|Any CPU
		{62714049-387A-4EEB-928F-70AFA05EFF0C}.Release|Any CPU.ActiveCfg = Release|Any CPU
		{62714049-387A-4EEB-928F-70AFA05EFF0C}.Release|Any CPU.Build.0 = Release|Any CPU
		{AEE5EFF5-709A-486C-A46D-A4B913FDCD27}.Debug|Any CPU.ActiveCfg = Debug|Any CPU
		{AEE5EFF5-709A-486C-A46D-A4B913FDCD27}.Debug|Any CPU.Build.0 = Debug|Any CPU
		{AEE5EFF5-709A-486C-A46D-A4B913FDCD27}.Release|Any CPU.ActiveCfg = Release|Any CPU
		{AEE5EFF5-709A-486C-A46D-A4B913FDCD27}.Release|Any CPU.Build.0 = Release|Any CPU
		{400D1558-C33B-450F-82BD-9CCC7CB41EBD}.Debug|Any CPU.ActiveCfg = Debug|Any CPU
		{400D1558-C33B-450F-82BD-9CCC7CB41EBD}.Debug|Any CPU.Build.0 = Debug|Any CPU
		{400D1558-C33B-450F-82BD-9CCC7CB41EBD}.Release|Any CPU.ActiveCfg = Release|Any CPU
		{400D1558-C33B-450F-82BD-9CCC7CB41EBD}.Release|Any CPU.Build.0 = Release|Any CPU
		{6482CEC7-2458-49BB-90E7-5C393ABA58A2}.Debug|Any CPU.ActiveCfg = Debug|Any CPU
		{6482CEC7-2458-49BB-90E7-5C393ABA58A2}.Debug|Any CPU.Build.0 = Debug|Any CPU
		{6482CEC7-2458-49BB-90E7-5C393ABA58A2}.Release|Any CPU.ActiveCfg = Release|Any CPU
		{6482CEC7-2458-49BB-90E7-5C393ABA58A2}.Release|Any CPU.Build.0 = Release|Any CPU
		{EDB59166-28BC-4130-91BA-64098BEAC345}.Debug|Any CPU.ActiveCfg = Debug|Any CPU
		{EDB59166-28BC-4130-91BA-64098BEAC345}.Debug|Any CPU.Build.0 = Debug|Any CPU
		{EDB59166-28BC-4130-91BA-64098BEAC345}.Release|Any CPU.ActiveCfg = Release|Any CPU
		{EDB59166-28BC-4130-91BA-64098BEAC345}.Release|Any CPU.Build.0 = Release|Any CPU
		{2A796F5B-DDDA-478C-A70D-CACD1EC0E00B}.Debug|Any CPU.ActiveCfg = Debug|Any CPU
		{2A796F5B-DDDA-478C-A70D-CACD1EC0E00B}.Debug|Any CPU.Build.0 = Debug|Any CPU
		{2A796F5B-DDDA-478C-A70D-CACD1EC0E00B}.Release|Any CPU.ActiveCfg = Release|Any CPU
		{2A796F5B-DDDA-478C-A70D-CACD1EC0E00B}.Release|Any CPU.Build.0 = Release|Any CPU
	EndGlobalSection
EndGlobal
