
Microsoft Visual Studio Solution File, Format Version 11.00
# Visual Studio 2010
# SharpDevelop 5.1
Project("{FAE04EC0-301F-11D3-BF4B-00C04F79EFBC}") = "LISTA5B_E01", "LISTA5B_E01\LISTA5B_E01.csproj", "{F6FE485C-A3EC-4F26-B7C8-EDA0F1FF3AAC}"
EndProject
Project("{FAE04EC0-301F-11D3-BF4B-00C04F79EFBC}") = "LISTA5B_E02", "LISTA5B_E02\LISTA5B_E02.csproj", "{255549A8-5785-4266-8ABD-5691D9F2A3F8}"
EndProject
Project("{FAE04EC0-301F-11D3-BF4B-00C04F79EFBC}") = "LISTA5B_E03", "LISTA5B_E03\LISTA5B_E03.csproj", "{5634D10A-70BA-43B5-89CB-F10DF746E30F}"
EndProject
Project("{FAE04EC0-301F-11D3-BF4B-00C04F79EFBC}") = "LISTA5B_E04", "LISTA5B_E04\LISTA5B_E04.csproj", "{64276FC4-671E-4FA4-A365-B1B04659795C}"
EndProject
Project("{FAE04EC0-301F-11D3-BF4B-00C04F79EFBC}") = "LISTA5B_E05", "LISTA5B_E05\LISTA5B_E05.csproj", "{DC1F7387-34FC-40FA-877D-2DB507CFCE35}"
EndProject
Project("{FAE04EC0-301F-11D3-BF4B-00C04F79EFBC}") = "LISTA5B_E06", "LISTA5B_E06\LISTA5B_E06.csproj", "{F78E2D97-5D67-45B4-A93E-683EBD5956D0}"
EndProject
Project("{FAE04EC0-301F-11D3-BF4B-00C04F79EFBC}") = "LISTA5B_E07", "LISTA5B_E07\LISTA5B_E07.csproj", "{FF82C1BF-0FA1-40F4-B4D9-C113C94BBCA8}"
EndProject
Global
	GlobalSection(SolutionConfigurationPlatforms) = preSolution
		Debug|Any CPU = Debug|Any CPU
		Release|Any CPU = Release|Any CPU
	EndGlobalSection
	GlobalSection(ProjectConfigurationPlatforms) = postSolution
		{F6FE485C-A3EC-4F26-B7C8-EDA0F1FF3AAC}.Debug|Any CPU.ActiveCfg = Debug|Any CPU
		{F6FE485C-A3EC-4F26-B7C8-EDA0F1FF3AAC}.Debug|Any CPU.Build.0 = Debug|Any CPU
		{F6FE485C-A3EC-4F26-B7C8-EDA0F1FF3AAC}.Release|Any CPU.ActiveCfg = Release|Any CPU
		{F6FE485C-A3EC-4F26-B7C8-EDA0F1FF3AAC}.Release|Any CPU.Build.0 = Release|Any CPU
		{255549A8-5785-4266-8ABD-5691D9F2A3F8}.Debug|Any CPU.ActiveCfg = Debug|Any CPU
		{255549A8-5785-4266-8ABD-5691D9F2A3F8}.Debug|Any CPU.Build.0 = Debug|Any CPU
		{255549A8-5785-4266-8ABD-5691D9F2A3F8}.Release|Any CPU.ActiveCfg = Release|Any CPU
		{255549A8-5785-4266-8ABD-5691D9F2A3F8}.Release|Any CPU.Build.0 = Release|Any CPU
		{5634D10A-70BA-43B5-89CB-F10DF746E30F}.Debug|Any CPU.ActiveCfg = Debug|Any CPU
		{5634D10A-70BA-43B5-89CB-F10DF746E30F}.Debug|Any CPU.Build.0 = Debug|Any CPU
		{5634D10A-70BA-43B5-89CB-F10DF746E30F}.Release|Any CPU.ActiveCfg = Release|Any CPU
		{5634D10A-70BA-43B5-89CB-F10DF746E30F}.Release|Any CPU.Build.0 = Release|Any CPU
		{64276FC4-671E-4FA4-A365-B1B04659795C}.Debug|Any CPU.ActiveCfg = Debug|Any CPU
		{64276FC4-671E-4FA4-A365-B1B04659795C}.Debug|Any CPU.Build.0 = Debug|Any CPU
		{64276FC4-671E-4FA4-A365-B1B04659795C}.Release|Any CPU.ActiveCfg = Release|Any CPU
		{64276FC4-671E-4FA4-A365-B1B04659795C}.Release|Any CPU.Build.0 = Release|Any CPU
		{DC1F7387-34FC-40FA-877D-2DB507CFCE35}.Debug|Any CPU.ActiveCfg = Debug|Any CPU
		{DC1F7387-34FC-40FA-877D-2DB507CFCE35}.Debug|Any CPU.Build.0 = Debug|Any CPU
		{DC1F7387-34FC-40FA-877D-2DB507CFCE35}.Release|Any CPU.ActiveCfg = Release|Any CPU
		{DC1F7387-34FC-40FA-877D-2DB507CFCE35}.Release|Any CPU.Build.0 = Release|Any CPU
		{F78E2D97-5D67-45B4-A93E-683EBD5956D0}.Debug|Any CPU.ActiveCfg = Debug|Any CPU
		{F78E2D97-5D67-45B4-A93E-683EBD5956D0}.Debug|Any CPU.Build.0 = Debug|Any CPU
		{F78E2D97-5D67-45B4-A93E-683EBD5956D0}.Release|Any CPU.ActiveCfg = Release|Any CPU
		{F78E2D97-5D67-45B4-A93E-683EBD5956D0}.Release|Any CPU.Build.0 = Release|Any CPU
		{FF82C1BF-0FA1-40F4-B4D9-C113C94BBCA8}.Debug|Any CPU.ActiveCfg = Debug|Any CPU
		{FF82C1BF-0FA1-40F4-B4D9-C113C94BBCA8}.Debug|Any CPU.Build.0 = Debug|Any CPU
		{FF82C1BF-0FA1-40F4-B4D9-C113C94BBCA8}.Release|Any CPU.ActiveCfg = Release|Any CPU
		{FF82C1BF-0FA1-40F4-B4D9-C113C94BBCA8}.Release|Any CPU.Build.0 = Release|Any CPU
	EndGlobalSection
EndGlobal
