
Microsoft Visual Studio Solution File, Format Version 12.00
# Visual Studio Version 16
VisualStudioVersion = 16.0.31105.61
MinimumVisualStudioVersion = 10.0.40219.1
Project("{FAE04EC0-301F-11D3-BF4B-00C04F79EFBC}") = "Comentarios_Var", "Comentarios_Var\Comentarios_Var.csproj", "{E019D2DD-1739-4634-980A-5B43C17F5C53}"
EndProject
Global
	GlobalSection(SolutionConfigurationPlatforms) = preSolution
		Debug|Any CPU = Debug|Any CPU
		Release|Any CPU = Release|Any CPU
	EndGlobalSection
	GlobalSection(ProjectConfigurationPlatforms) = postSolution
		{E019D2DD-1739-4634-980A-5B43C17F5C53}.Debug|Any CPU.ActiveCfg = Debug|Any CPU
		{E019D2DD-1739-4634-980A-5B43C17F5C53}.Debug|Any CPU.Build.0 = Debug|Any CPU
		{E019D2DD-1739-4634-980A-5B43C17F5C53}.Release|Any CPU.ActiveCfg = Release|Any CPU
		{E019D2DD-1739-4634-980A-5B43C17F5C53}.Release|Any CPU.Build.0 = Release|Any CPU
	EndGlobalSection
	GlobalSection(SolutionProperties) = preSolution
		HideSolutionNode = FALSE
	EndGlobalSection
	GlobalSection(ExtensibilityGlobals) = postSolution
		SolutionGuid = {E6CA3433-5B33-44B0-98FA-450492E9B13B}
	EndGlobalSection
EndGlobal
