
Microsoft Visual Studio Solution File, Format Version 11.00
# Visual Studio 2010
# SharpDevelop 5.1
Project("{FAE04EC0-301F-11D3-BF4B-00C04F79EFBC}") = "Aula10_E01", "Aula10_E01\Aula10_E01.csproj", "{0533D204-C0FA-4865-BFA1-EC052C4602BC}"
EndProject
Project("{FAE04EC0-301F-11D3-BF4B-00C04F79EFBC}") = "Aula10_E02", "Aula10_E02\Aula10_E02.csproj", "{D248FC6A-DA4B-4039-81CB-6E58DBDBD18A}"
EndProject
Project("{FAE04EC0-301F-11D3-BF4B-00C04F79EFBC}") = "Aula10_E03", "Aula10_E03\Aula10_E03.csproj", "{C1B46758-B4B3-47C1-BE50-948ABEF258A4}"
EndProject
Project("{FAE04EC0-301F-11D3-BF4B-00C04F79EFBC}") = "Aula10_E04", "Aula10_E04\Aula10_E04.csproj", "{521CDB3B-ECA6-4660-9796-B10934908FA3}"
EndProject
Project("{FAE04EC0-301F-11D3-BF4B-00C04F79EFBC}") = "Aula10_E05", "Aula10_E05\Aula10_E05.csproj", "{61DD0FC9-58F2-4046-8E37-6CC7F0304438}"
EndProject
Project("{FAE04EC0-301F-11D3-BF4B-00C04F79EFBC}") = "Aula10_E06", "Aula10_E06\Aula10_E06.csproj", "{C3438FE2-BD39-411E-8B61-6061DAD18008}"
EndProject
Project("{FAE04EC0-301F-11D3-BF4B-00C04F79EFBC}") = "Aula10_E07", "Aula10_E07\Aula10_E07.csproj", "{C7BDD4A0-439E-41AF-BD4B-00FB0F8246CB}"
EndProject
Project("{FAE04EC0-301F-11D3-BF4B-00C04F79EFBC}") = "Aula10_E08", "Aula10_E08\Aula10_E08.csproj", "{05C7A938-80F8-4B0C-99A2-B4226FEB33E0}"
EndProject
Project("{FAE04EC0-301F-11D3-BF4B-00C04F79EFBC}") = "Aula10_E09", "Aula10_E09\Aula10_E09.csproj", "{1BF47088-0EE7-4FB6-A8CE-1585083ABADC}"
EndProject
Global
	GlobalSection(SolutionConfigurationPlatforms) = preSolution
		Debug|Any CPU = Debug|Any CPU
		Release|Any CPU = Release|Any CPU
	EndGlobalSection
	GlobalSection(ProjectConfigurationPlatforms) = postSolution
		{0533D204-C0FA-4865-BFA1-EC052C4602BC}.Debug|Any CPU.ActiveCfg = Debug|Any CPU
		{0533D204-C0FA-4865-BFA1-EC052C4602BC}.Debug|Any CPU.Build.0 = Debug|Any CPU
		{0533D204-C0FA-4865-BFA1-EC052C4602BC}.Release|Any CPU.ActiveCfg = Release|Any CPU
		{0533D204-C0FA-4865-BFA1-EC052C4602BC}.Release|Any CPU.Build.0 = Release|Any CPU
		{D248FC6A-DA4B-4039-81CB-6E58DBDBD18A}.Debug|Any CPU.ActiveCfg = Debug|Any CPU
		{D248FC6A-DA4B-4039-81CB-6E58DBDBD18A}.Debug|Any CPU.Build.0 = Debug|Any CPU
		{D248FC6A-DA4B-4039-81CB-6E58DBDBD18A}.Release|Any CPU.ActiveCfg = Release|Any CPU
		{D248FC6A-DA4B-4039-81CB-6E58DBDBD18A}.Release|Any CPU.Build.0 = Release|Any CPU
		{C1B46758-B4B3-47C1-BE50-948ABEF258A4}.Debug|Any CPU.ActiveCfg = Debug|Any CPU
		{C1B46758-B4B3-47C1-BE50-948ABEF258A4}.Debug|Any CPU.Build.0 = Debug|Any CPU
		{C1B46758-B4B3-47C1-BE50-948ABEF258A4}.Release|Any CPU.ActiveCfg = Release|Any CPU
		{C1B46758-B4B3-47C1-BE50-948ABEF258A4}.Release|Any CPU.Build.0 = Release|Any CPU
		{521CDB3B-ECA6-4660-9796-B10934908FA3}.Debug|Any CPU.ActiveCfg = Debug|Any CPU
		{521CDB3B-ECA6-4660-9796-B10934908FA3}.Debug|Any CPU.Build.0 = Debug|Any CPU
		{521CDB3B-ECA6-4660-9796-B10934908FA3}.Release|Any CPU.ActiveCfg = Release|Any CPU
		{521CDB3B-ECA6-4660-9796-B10934908FA3}.Release|Any CPU.Build.0 = Release|Any CPU
		{61DD0FC9-58F2-4046-8E37-6CC7F0304438}.Debug|Any CPU.ActiveCfg = Debug|Any CPU
		{61DD0FC9-58F2-4046-8E37-6CC7F0304438}.Debug|Any CPU.Build.0 = Debug|Any CPU
		{61DD0FC9-58F2-4046-8E37-6CC7F0304438}.Release|Any CPU.ActiveCfg = Release|Any CPU
		{61DD0FC9-58F2-4046-8E37-6CC7F0304438}.Release|Any CPU.Build.0 = Release|Any CPU
		{C3438FE2-BD39-411E-8B61-6061DAD18008}.Debug|Any CPU.ActiveCfg = Debug|Any CPU
		{C3438FE2-BD39-411E-8B61-6061DAD18008}.Debug|Any CPU.Build.0 = Debug|Any CPU
		{C3438FE2-BD39-411E-8B61-6061DAD18008}.Release|Any CPU.ActiveCfg = Release|Any CPU
		{C3438FE2-BD39-411E-8B61-6061DAD18008}.Release|Any CPU.Build.0 = Release|Any CPU
		{C7BDD4A0-439E-41AF-BD4B-00FB0F8246CB}.Debug|Any CPU.ActiveCfg = Debug|Any CPU
		{C7BDD4A0-439E-41AF-BD4B-00FB0F8246CB}.Debug|Any CPU.Build.0 = Debug|Any CPU
		{C7BDD4A0-439E-41AF-BD4B-00FB0F8246CB}.Release|Any CPU.ActiveCfg = Release|Any CPU
		{C7BDD4A0-439E-41AF-BD4B-00FB0F8246CB}.Release|Any CPU.Build.0 = Release|Any CPU
		{05C7A938-80F8-4B0C-99A2-B4226FEB33E0}.Debug|Any CPU.ActiveCfg = Debug|Any CPU
		{05C7A938-80F8-4B0C-99A2-B4226FEB33E0}.Debug|Any CPU.Build.0 = Debug|Any CPU
		{05C7A938-80F8-4B0C-99A2-B4226FEB33E0}.Release|Any CPU.ActiveCfg = Release|Any CPU
		{05C7A938-80F8-4B0C-99A2-B4226FEB33E0}.Release|Any CPU.Build.0 = Release|Any CPU
		{1BF47088-0EE7-4FB6-A8CE-1585083ABADC}.Debug|Any CPU.ActiveCfg = Debug|Any CPU
		{1BF47088-0EE7-4FB6-A8CE-1585083ABADC}.Debug|Any CPU.Build.0 = Debug|Any CPU
		{1BF47088-0EE7-4FB6-A8CE-1585083ABADC}.Release|Any CPU.ActiveCfg = Release|Any CPU
		{1BF47088-0EE7-4FB6-A8CE-1585083ABADC}.Release|Any CPU.Build.0 = Release|Any CPU
	EndGlobalSection
EndGlobal
