
Microsoft Visual Studio Solution File, Format Version 11.00
# Visual Studio 2010
# SharpDevelop 5.1
Project("{FAE04EC0-301F-11D3-BF4B-00C04F79EFBC}") = "LISTA5C_E01", "LISTA5C_E01\LISTA5C_E01.csproj", "{96B0174B-65D7-4BC5-9B49-A60BF8463093}"
EndProject
Project("{FAE04EC0-301F-11D3-BF4B-00C04F79EFBC}") = "LISTA5C_E02", "LISTA5C_E02\LISTA5C_E02.csproj", "{39176E27-CE33-4AA6-903E-3A220E61484D}"
EndProject
Project("{FAE04EC0-301F-11D3-BF4B-00C04F79EFBC}") = "LISTA5C_E03", "LISTA5C_E03\LISTA5C_E03.csproj", "{30A123A2-767B-4E5A-A393-F032F9070747}"
EndProject
Project("{FAE04EC0-301F-11D3-BF4B-00C04F79EFBC}") = "LISTA5C_E04", "LISTA5C_E04\LISTA5C_E04.csproj", "{9C286F9E-8A13-4F66-BFFE-4FB855F023BE}"
EndProject
Project("{FAE04EC0-301F-11D3-BF4B-00C04F79EFBC}") = "LISTA5C_E05", "LISTA5C_E05\LISTA5C_E05.csproj", "{701D2A39-D509-4CEB-BB9D-B1FABB70B4E9}"
EndProject
Project("{FAE04EC0-301F-11D3-BF4B-00C04F79EFBC}") = "LISTA5C_E06", "LISTA5C_E06\LISTA5C_E06.csproj", "{5044F627-0CA5-4FC2-95BE-FD9EF4F6ADC6}"
EndProject
Global
	GlobalSection(SolutionConfigurationPlatforms) = preSolution
		Debug|Any CPU = Debug|Any CPU
		Release|Any CPU = Release|Any CPU
	EndGlobalSection
	GlobalSection(ProjectConfigurationPlatforms) = postSolution
		{96B0174B-65D7-4BC5-9B49-A60BF8463093}.Debug|Any CPU.ActiveCfg = Debug|Any CPU
		{96B0174B-65D7-4BC5-9B49-A60BF8463093}.Debug|Any CPU.Build.0 = Debug|Any CPU
		{96B0174B-65D7-4BC5-9B49-A60BF8463093}.Release|Any CPU.ActiveCfg = Release|Any CPU
		{96B0174B-65D7-4BC5-9B49-A60BF8463093}.Release|Any CPU.Build.0 = Release|Any CPU
		{39176E27-CE33-4AA6-903E-3A220E61484D}.Debug|Any CPU.ActiveCfg = Debug|Any CPU
		{39176E27-CE33-4AA6-903E-3A220E61484D}.Debug|Any CPU.Build.0 = Debug|Any CPU
		{39176E27-CE33-4AA6-903E-3A220E61484D}.Release|Any CPU.ActiveCfg = Release|Any CPU
		{39176E27-CE33-4AA6-903E-3A220E61484D}.Release|Any CPU.Build.0 = Release|Any CPU
		{30A123A2-767B-4E5A-A393-F032F9070747}.Debug|Any CPU.ActiveCfg = Debug|Any CPU
		{30A123A2-767B-4E5A-A393-F032F9070747}.Debug|Any CPU.Build.0 = Debug|Any CPU
		{30A123A2-767B-4E5A-A393-F032F9070747}.Release|Any CPU.ActiveCfg = Release|Any CPU
		{30A123A2-767B-4E5A-A393-F032F9070747}.Release|Any CPU.Build.0 = Release|Any CPU
		{9C286F9E-8A13-4F66-BFFE-4FB855F023BE}.Debug|Any CPU.ActiveCfg = Debug|Any CPU
		{9C286F9E-8A13-4F66-BFFE-4FB855F023BE}.Debug|Any CPU.Build.0 = Debug|Any CPU
		{9C286F9E-8A13-4F66-BFFE-4FB855F023BE}.Release|Any CPU.ActiveCfg = Release|Any CPU
		{9C286F9E-8A13-4F66-BFFE-4FB855F023BE}.Release|Any CPU.Build.0 = Release|Any CPU
		{701D2A39-D509-4CEB-BB9D-B1FABB70B4E9}.Debug|Any CPU.ActiveCfg = Debug|Any CPU
		{701D2A39-D509-4CEB-BB9D-B1FABB70B4E9}.Debug|Any CPU.Build.0 = Debug|Any CPU
		{701D2A39-D509-4CEB-BB9D-B1FABB70B4E9}.Release|Any CPU.ActiveCfg = Release|Any CPU
		{701D2A39-D509-4CEB-BB9D-B1FABB70B4E9}.Release|Any CPU.Build.0 = Release|Any CPU
		{5044F627-0CA5-4FC2-95BE-FD9EF4F6ADC6}.Debug|Any CPU.ActiveCfg = Debug|Any CPU
		{5044F627-0CA5-4FC2-95BE-FD9EF4F6ADC6}.Debug|Any CPU.Build.0 = Debug|Any CPU
		{5044F627-0CA5-4FC2-95BE-FD9EF4F6ADC6}.Release|Any CPU.ActiveCfg = Release|Any CPU
		{5044F627-0CA5-4FC2-95BE-FD9EF4F6ADC6}.Release|Any CPU.Build.0 = Release|Any CPU
	EndGlobalSection
EndGlobal
