
Microsoft Visual Studio Solution File, Format Version 12.00
# Visual Studio Version 16
VisualStudioVersion = 16.0.31105.61
MinimumVisualStudioVersion = 10.0.40219.1
Project("{9A19103F-16F7-4668-BE54-9A1E7A4F7556}") = "01Escopo", "01Escopo\01Escopo.csproj", "{6A2EE2F4-B4E2-4035-9F94-3DF5EBA12C71}"
EndProject
Project("{9A19103F-16F7-4668-BE54-9A1E7A4F7556}") = "02UsingNormal", "02UsinNormal\02UsingNormal.csproj", "{78C96ADB-BEE2-4100-885D-0F542D6CB5A7}"
EndProject
Project("{9A19103F-16F7-4668-BE54-9A1E7A4F7556}") = "03UsingStatico", "03UsingStatico\03UsingStatico.csproj", "{E1664FDC-5C5A-4A85-BF36-31EA2FF3BF83}"
EndProject
Project("{9A19103F-16F7-4668-BE54-9A1E7A4F7556}") = "04UsingAlias", "04UsingAlias\04UsingAlias.csproj", "{43F4CD37-87BA-4C57-BFA4-B3308804D18D}"
EndProject
Project("{9A19103F-16F7-4668-BE54-9A1E7A4F7556}") = "05Variaveis", "05Variaveis\05Variaveis.csproj", "{1ADDF813-83BE-4422-8D88-D6563499406A}"
EndProject
Project("{9A19103F-16F7-4668-BE54-9A1E7A4F7556}") = "06Enum", "06Enum\06Enum.csproj", "{D5730235-AD22-4326-A36B-BC2CB1FC1C52}"
EndProject
Project("{9A19103F-16F7-4668-BE54-9A1E7A4F7556}") = "07StringObject", "07StringObject\07StringObject.csproj", "{C11DAAC2-78CA-4D01-B92B-C63CAEFAEAE7}"
EndProject
Project("{9A19103F-16F7-4668-BE54-9A1E7A4F7556}") = "08Vetores", "08Vetores\08Vetores.csproj", "{20F32634-B4EA-43A6-892D-39976B4B6BF8}"
EndProject
Project("{9A19103F-16F7-4668-BE54-9A1E7A4F7556}") = "09Listas", "09Listas\09Listas.csproj", "{C8221224-E58E-4A15-9269-26C81CA8A369}"
EndProject
Project("{9A19103F-16F7-4668-BE54-9A1E7A4F7556}") = "10Constantes", "10Constantes\10Constantes.csproj", "{AB5F5EF2-D7BA-46DD-8756-C1E8D1DEC6E3}"
EndProject
Project("{9A19103F-16F7-4668-BE54-9A1E7A4F7556}") = "11Comentarios", "11Comentarios\11Comentarios.csproj", "{5B0C37AD-4B07-46FA-A00E-F985C63EA978}"
EndProject
Project("{9A19103F-16F7-4668-BE54-9A1E7A4F7556}") = "11Var", "11Var\11Var.csproj", "{99BF08ED-3A00-4C1C-AF9F-F326041D92FD}"
EndProject
Project("{9A19103F-16F7-4668-BE54-9A1E7A4F7556}") = "12Nullable", "12Nullable\12Nullable.csproj", "{4410637C-6499-49E5-9B34-065CFD099B3E}"
EndProject
Project("{9A19103F-16F7-4668-BE54-9A1E7A4F7556}") = "13ConversoesImplictas", "13ConversoesImplictas\13ConversoesImplictas.csproj", "{BB523C99-561F-4468-B1C3-89A389A236C3}"
EndProject
Project("{9A19103F-16F7-4668-BE54-9A1E7A4F7556}") = "14ConversoesExplicitas", "14ConversoesExplicitas\14ConversoesExplicitas.csproj", "{792AC377-4914-444F-8620-F5BFB5F1CE1C}"
EndProject
Project("{9A19103F-16F7-4668-BE54-9A1E7A4F7556}") = "15ConversoesParse", "15ConversoesParse\15ConversoesParse.csproj", "{717C6A96-C42D-4D84-BA6A-620AAFD2BC63}"
EndProject
Project("{9A19103F-16F7-4668-BE54-9A1E7A4F7556}") = "16ConversoesConvert", "16ConversoesConvert\16ConversoesConvert.csproj", "{3B93DC18-1221-4774-AAE8-6CF3393463FF}"
EndProject
Project("{9A19103F-16F7-4668-BE54-9A1E7A4F7556}") = "17OperadoresAritimericos", "17OperadoresAritimericos\17OperadoresAritimericos.csproj", "{80C0D746-0194-4BC1-A514-5937D40248BD}"
EndProject
Project("{9A19103F-16F7-4668-BE54-9A1E7A4F7556}") = "18OperadoresAtribuicao", "18OperadoresAtribuicao\18OperadoresAtribuicao.csproj", "{68123B9C-EA94-4863-896B-43D6EA31FA09}"
EndProject
Project("{9A19103F-16F7-4668-BE54-9A1E7A4F7556}") = "19OperadoresComparacao", "18OperadoresComparacao\19OperadoresComparacao.csproj", "{47838BFF-9F59-45F0-B171-25D70CDCF05E}"
EndProject
Project("{9A19103F-16F7-4668-BE54-9A1E7A4F7556}") = "20OperadoresLogicos", "20OperadoresLogicos\20OperadoresLogicos.csproj", "{08A724B7-807F-4D98-ACF7-922AF7748B70}"
EndProject
Project("{9A19103F-16F7-4668-BE54-9A1E7A4F7556}") = "21If", "21If\21If.csproj", "{08F0AA8E-A36C-4CFE-936F-86FEF0196657}"
EndProject
Project("{9A19103F-16F7-4668-BE54-9A1E7A4F7556}") = "22Switch", "22Switch\22Switch.csproj", "{FF14D973-1012-45D1-A611-D2825D44E849}"
EndProject
Project("{9A19103F-16F7-4668-BE54-9A1E7A4F7556}") = "23For", "22For\23For.csproj", "{E7FCD35D-9F22-484D-92B4-A52AC867C04E}"
EndProject
Project("{9A19103F-16F7-4668-BE54-9A1E7A4F7556}") = "24For", "24For\24For.csproj", "{DBEFABCA-E29E-4BD5-99AA-66C9490A5EFA}"
EndProject
Project("{9A19103F-16F7-4668-BE54-9A1E7A4F7556}") = "25Foreach", "25Foreach\25Foreach.csproj", "{1D669893-6F71-40D4-929A-8D4E4BC54C05}"
EndProject
Project("{9A19103F-16F7-4668-BE54-9A1E7A4F7556}") = "26While", "26While\26While.csproj", "{25C858CA-3D5A-4E3C-8C5E-D722694064BD}"
EndProject
Project("{9A19103F-16F7-4668-BE54-9A1E7A4F7556}") = "27While", "27While\27While.csproj", "{62D22BF2-C29F-421D-882C-9EAC9E69A67B}"
EndProject
Project("{9A19103F-16F7-4668-BE54-9A1E7A4F7556}") = "28DoWhile", "28DoWhile\28DoWhile.csproj", "{202439A3-D21A-4866-862E-6A095192F1DA}"
EndProject
Project("{9A19103F-16F7-4668-BE54-9A1E7A4F7556}") = "29Funcoes", "29Funcoes\29Funcoes.csproj", "{3ED1D31E-32C8-4537-BD51-F228403AB0FE}"
EndProject
Project("{9A19103F-16F7-4668-BE54-9A1E7A4F7556}") = "30Struct", "30Struct\30Struct.csproj", "{22699D36-DA29-4E40-9D53-FD0B016FB5AB}"
EndProject
Project("{9A19103F-16F7-4668-BE54-9A1E7A4F7556}") = "31Matrizes", "31Matrizes\31Matrizes.csproj", "{D1DB9DEB-2916-4CE8-96C8-B0ACDE633B1E}"
EndProject
Project("{9A19103F-16F7-4668-BE54-9A1E7A4F7556}") = "32Guids", "32Guids\32Guids.csproj", "{9263A8D9-5999-4693-90BE-BEA6676E6DD2}"
EndProject
Project("{9A19103F-16F7-4668-BE54-9A1E7A4F7556}") = "33InterpolacaoString", "33Interpolacao\33InterpolacaoString.csproj", "{7523F6EE-12B6-4F52-8C34-0E9A328FFD13}"
EndProject
Project("{9A19103F-16F7-4668-BE54-9A1E7A4F7556}") = "34ComparacaoString", "34ComparacaoString\34ComparacaoString.csproj", "{4F64F92F-0343-44FB-AEF9-6F96ED2E867D}"
EndProject
Project("{9A19103F-16F7-4668-BE54-9A1E7A4F7556}") = "35StringBuilder", "35StringBuilder\35StringBuilder.csproj", "{A53658E2-CE5C-47EB-9C67-56C39C60A9E9}"
EndProject
Project("{9A19103F-16F7-4668-BE54-9A1E7A4F7556}") = "36DateTime", "36DateTime\36DateTime.csproj", "{3DC9FFB9-3806-4625-B199-E8B83C84C2D0}"
EndProject
Project("{9A19103F-16F7-4668-BE54-9A1E7A4F7556}") = "37DateTimeFormatacao", "37DateTimeFormatacao\37DateTimeFormatacao.csproj", "{8C67BDBE-6AA6-48A9-BB01-6833AF7EF066}"
EndProject
Project("{9A19103F-16F7-4668-BE54-9A1E7A4F7556}") = "38CultureInfo", "38CultureInfo\38CultureInfo.csproj", "{AD9168CD-5845-4F86-8ABC-4C5AFE1AC3FB}"
EndProject
Project("{9A19103F-16F7-4668-BE54-9A1E7A4F7556}") = "39DatimeAddValor", "39DatimeAddValor\39DatimeAddValor.csproj", "{D8918FFB-2CC1-421B-A287-A77F30C73314}"
EndProject
Project("{9A19103F-16F7-4668-BE54-9A1E7A4F7556}") = "40DateTimeCompare", "40DateTimeCompare\40DateTimeCompare.csproj", "{654CBECB-FAC3-4968-97D3-F1B6BE97E1E5}"
EndProject
Project("{9A19103F-16F7-4668-BE54-9A1E7A4F7556}") = "41Timespan", "41Timespan\41Timespan.csproj", "{E1EACBD4-3418-4EC8-8EC6-AF8314485C55}"
EndProject
Project("{9A19103F-16F7-4668-BE54-9A1E7A4F7556}") = "42TimeZone", "42TimeZone\42TimeZone.csproj", "{CFAF7C44-4926-4C90-A14E-3FE7A33B5639}"
EndProject
Project("{9A19103F-16F7-4668-BE54-9A1E7A4F7556}") = "43Moeda", "43Moeda\43Moeda.csproj", "{6DB6FDDB-07ED-4FA9-ABBA-D0AFC294EABE}"
EndProject
Project("{9A19103F-16F7-4668-BE54-9A1E7A4F7556}") = "44Exceptions", "43Exceptions\44Exceptions.csproj", "{8483769E-096E-4C9A-966F-C55136842483}"
EndProject
Project("{9A19103F-16F7-4668-BE54-9A1E7A4F7556}") = "45TryCatchFinally", "45TryCatchFinally\45TryCatchFinally.csproj", "{A987F0AF-BC2B-404C-AB6A-A135BB978EEA}"
EndProject
Project("{9A19103F-16F7-4668-BE54-9A1E7A4F7556}") = "46Diretorios", "46Diretorios\46Diretorios.csproj", "{CD3381B7-F578-46D0-BF08-1DB2991A1DF3}"
EndProject
Project("{9A19103F-16F7-4668-BE54-9A1E7A4F7556}") = "47Arquivos", "47Arquivos\47Arquivos.csproj", "{14A7FDD0-8EF7-4814-9DCD-E5ABD93703EC}"
EndProject
Project("{9A19103F-16F7-4668-BE54-9A1E7A4F7556}") = "48Txt", "48Txt\48Txt.csproj", "{B41D9BED-88F2-4E63-9CAC-01D776AF5F7A}"
EndProject
Project("{9A19103F-16F7-4668-BE54-9A1E7A4F7556}") = "49Xlsx", "49Xlsx\49Xlsx.csproj", "{940D52D6-4FA5-4CD2-B42D-FB20DE81657E}"
EndProject
Global
	GlobalSection(SolutionConfigurationPlatforms) = preSolution
		Debug|Any CPU = Debug|Any CPU
		Release|Any CPU = Release|Any CPU
	EndGlobalSection
	GlobalSection(ProjectConfigurationPlatforms) = postSolution
		{6A2EE2F4-B4E2-4035-9F94-3DF5EBA12C71}.Debug|Any CPU.ActiveCfg = Debug|Any CPU
		{6A2EE2F4-B4E2-4035-9F94-3DF5EBA12C71}.Debug|Any CPU.Build.0 = Debug|Any CPU
		{6A2EE2F4-B4E2-4035-9F94-3DF5EBA12C71}.Release|Any CPU.ActiveCfg = Release|Any CPU
		{6A2EE2F4-B4E2-4035-9F94-3DF5EBA12C71}.Release|Any CPU.Build.0 = Release|Any CPU
		{78C96ADB-BEE2-4100-885D-0F542D6CB5A7}.Debug|Any CPU.ActiveCfg = Debug|Any CPU
		{78C96ADB-BEE2-4100-885D-0F542D6CB5A7}.Debug|Any CPU.Build.0 = Debug|Any CPU
		{78C96ADB-BEE2-4100-885D-0F542D6CB5A7}.Release|Any CPU.ActiveCfg = Release|Any CPU
		{78C96ADB-BEE2-4100-885D-0F542D6CB5A7}.Release|Any CPU.Build.0 = Release|Any CPU
		{E1664FDC-5C5A-4A85-BF36-31EA2FF3BF83}.Debug|Any CPU.ActiveCfg = Debug|Any CPU
		{E1664FDC-5C5A-4A85-BF36-31EA2FF3BF83}.Debug|Any CPU.Build.0 = Debug|Any CPU
		{E1664FDC-5C5A-4A85-BF36-31EA2FF3BF83}.Release|Any CPU.ActiveCfg = Release|Any CPU
		{E1664FDC-5C5A-4A85-BF36-31EA2FF3BF83}.Release|Any CPU.Build.0 = Release|Any CPU
		{43F4CD37-87BA-4C57-BFA4-B3308804D18D}.Debug|Any CPU.ActiveCfg = Debug|Any CPU
		{43F4CD37-87BA-4C57-BFA4-B3308804D18D}.Debug|Any CPU.Build.0 = Debug|Any CPU
		{43F4CD37-87BA-4C57-BFA4-B3308804D18D}.Release|Any CPU.ActiveCfg = Release|Any CPU
		{43F4CD37-87BA-4C57-BFA4-B3308804D18D}.Release|Any CPU.Build.0 = Release|Any CPU
		{1ADDF813-83BE-4422-8D88-D6563499406A}.Debug|Any CPU.ActiveCfg = Debug|Any CPU
		{1ADDF813-83BE-4422-8D88-D6563499406A}.Debug|Any CPU.Build.0 = Debug|Any CPU
		{1ADDF813-83BE-4422-8D88-D6563499406A}.Release|Any CPU.ActiveCfg = Release|Any CPU
		{1ADDF813-83BE-4422-8D88-D6563499406A}.Release|Any CPU.Build.0 = Release|Any CPU
		{D5730235-AD22-4326-A36B-BC2CB1FC1C52}.Debug|Any CPU.ActiveCfg = Debug|Any CPU
		{D5730235-AD22-4326-A36B-BC2CB1FC1C52}.Debug|Any CPU.Build.0 = Debug|Any CPU
		{D5730235-AD22-4326-A36B-BC2CB1FC1C52}.Release|Any CPU.ActiveCfg = Release|Any CPU
		{D5730235-AD22-4326-A36B-BC2CB1FC1C52}.Release|Any CPU.Build.0 = Release|Any CPU
		{C11DAAC2-78CA-4D01-B92B-C63CAEFAEAE7}.Debug|Any CPU.ActiveCfg = Debug|Any CPU
		{C11DAAC2-78CA-4D01-B92B-C63CAEFAEAE7}.Debug|Any CPU.Build.0 = Debug|Any CPU
		{C11DAAC2-78CA-4D01-B92B-C63CAEFAEAE7}.Release|Any CPU.ActiveCfg = Release|Any CPU
		{C11DAAC2-78CA-4D01-B92B-C63CAEFAEAE7}.Release|Any CPU.Build.0 = Release|Any CPU
		{20F32634-B4EA-43A6-892D-39976B4B6BF8}.Debug|Any CPU.ActiveCfg = Debug|Any CPU
		{20F32634-B4EA-43A6-892D-39976B4B6BF8}.Debug|Any CPU.Build.0 = Debug|Any CPU
		{20F32634-B4EA-43A6-892D-39976B4B6BF8}.Release|Any CPU.ActiveCfg = Release|Any CPU
		{20F32634-B4EA-43A6-892D-39976B4B6BF8}.Release|Any CPU.Build.0 = Release|Any CPU
		{C8221224-E58E-4A15-9269-26C81CA8A369}.Debug|Any CPU.ActiveCfg = Debug|Any CPU
		{C8221224-E58E-4A15-9269-26C81CA8A369}.Debug|Any CPU.Build.0 = Debug|Any CPU
		{C8221224-E58E-4A15-9269-26C81CA8A369}.Release|Any CPU.ActiveCfg = Release|Any CPU
		{C8221224-E58E-4A15-9269-26C81CA8A369}.Release|Any CPU.Build.0 = Release|Any CPU
		{AB5F5EF2-D7BA-46DD-8756-C1E8D1DEC6E3}.Debug|Any CPU.ActiveCfg = Debug|Any CPU
		{AB5F5EF2-D7BA-46DD-8756-C1E8D1DEC6E3}.Debug|Any CPU.Build.0 = Debug|Any CPU
		{AB5F5EF2-D7BA-46DD-8756-C1E8D1DEC6E3}.Release|Any CPU.ActiveCfg = Release|Any CPU
		{AB5F5EF2-D7BA-46DD-8756-C1E8D1DEC6E3}.Release|Any CPU.Build.0 = Release|Any CPU
		{5B0C37AD-4B07-46FA-A00E-F985C63EA978}.Debug|Any CPU.ActiveCfg = Debug|Any CPU
		{5B0C37AD-4B07-46FA-A00E-F985C63EA978}.Debug|Any CPU.Build.0 = Debug|Any CPU
		{5B0C37AD-4B07-46FA-A00E-F985C63EA978}.Release|Any CPU.ActiveCfg = Release|Any CPU
		{5B0C37AD-4B07-46FA-A00E-F985C63EA978}.Release|Any CPU.Build.0 = Release|Any CPU
		{99BF08ED-3A00-4C1C-AF9F-F326041D92FD}.Debug|Any CPU.ActiveCfg = Debug|Any CPU
		{99BF08ED-3A00-4C1C-AF9F-F326041D92FD}.Debug|Any CPU.Build.0 = Debug|Any CPU
		{99BF08ED-3A00-4C1C-AF9F-F326041D92FD}.Release|Any CPU.ActiveCfg = Release|Any CPU
		{99BF08ED-3A00-4C1C-AF9F-F326041D92FD}.Release|Any CPU.Build.0 = Release|Any CPU
		{4410637C-6499-49E5-9B34-065CFD099B3E}.Debug|Any CPU.ActiveCfg = Debug|Any CPU
		{4410637C-6499-49E5-9B34-065CFD099B3E}.Debug|Any CPU.Build.0 = Debug|Any CPU
		{4410637C-6499-49E5-9B34-065CFD099B3E}.Release|Any CPU.ActiveCfg = Release|Any CPU
		{4410637C-6499-49E5-9B34-065CFD099B3E}.Release|Any CPU.Build.0 = Release|Any CPU
		{BB523C99-561F-4468-B1C3-89A389A236C3}.Debug|Any CPU.ActiveCfg = Debug|Any CPU
		{BB523C99-561F-4468-B1C3-89A389A236C3}.Debug|Any CPU.Build.0 = Debug|Any CPU
		{BB523C99-561F-4468-B1C3-89A389A236C3}.Release|Any CPU.ActiveCfg = Release|Any CPU
		{BB523C99-561F-4468-B1C3-89A389A236C3}.Release|Any CPU.Build.0 = Release|Any CPU
		{792AC377-4914-444F-8620-F5BFB5F1CE1C}.Debug|Any CPU.ActiveCfg = Debug|Any CPU
		{792AC377-4914-444F-8620-F5BFB5F1CE1C}.Debug|Any CPU.Build.0 = Debug|Any CPU
		{792AC377-4914-444F-8620-F5BFB5F1CE1C}.Release|Any CPU.ActiveCfg = Release|Any CPU
		{792AC377-4914-444F-8620-F5BFB5F1CE1C}.Release|Any CPU.Build.0 = Release|Any CPU
		{717C6A96-C42D-4D84-BA6A-620AAFD2BC63}.Debug|Any CPU.ActiveCfg = Debug|Any CPU
		{717C6A96-C42D-4D84-BA6A-620AAFD2BC63}.Debug|Any CPU.Build.0 = Debug|Any CPU
		{717C6A96-C42D-4D84-BA6A-620AAFD2BC63}.Release|Any CPU.ActiveCfg = Release|Any CPU
		{717C6A96-C42D-4D84-BA6A-620AAFD2BC63}.Release|Any CPU.Build.0 = Release|Any CPU
		{3B93DC18-1221-4774-AAE8-6CF3393463FF}.Debug|Any CPU.ActiveCfg = Debug|Any CPU
		{3B93DC18-1221-4774-AAE8-6CF3393463FF}.Debug|Any CPU.Build.0 = Debug|Any CPU
		{3B93DC18-1221-4774-AAE8-6CF3393463FF}.Release|Any CPU.ActiveCfg = Release|Any CPU
		{3B93DC18-1221-4774-AAE8-6CF3393463FF}.Release|Any CPU.Build.0 = Release|Any CPU
		{80C0D746-0194-4BC1-A514-5937D40248BD}.Debug|Any CPU.ActiveCfg = Debug|Any CPU
		{80C0D746-0194-4BC1-A514-5937D40248BD}.Debug|Any CPU.Build.0 = Debug|Any CPU
		{80C0D746-0194-4BC1-A514-5937D40248BD}.Release|Any CPU.ActiveCfg = Release|Any CPU
		{80C0D746-0194-4BC1-A514-5937D40248BD}.Release|Any CPU.Build.0 = Release|Any CPU
		{68123B9C-EA94-4863-896B-43D6EA31FA09}.Debug|Any CPU.ActiveCfg = Debug|Any CPU
		{68123B9C-EA94-4863-896B-43D6EA31FA09}.Debug|Any CPU.Build.0 = Debug|Any CPU
		{68123B9C-EA94-4863-896B-43D6EA31FA09}.Release|Any CPU.ActiveCfg = Release|Any CPU
		{68123B9C-EA94-4863-896B-43D6EA31FA09}.Release|Any CPU.Build.0 = Release|Any CPU
		{47838BFF-9F59-45F0-B171-25D70CDCF05E}.Debug|Any CPU.ActiveCfg = Debug|Any CPU
		{47838BFF-9F59-45F0-B171-25D70CDCF05E}.Debug|Any CPU.Build.0 = Debug|Any CPU
		{47838BFF-9F59-45F0-B171-25D70CDCF05E}.Release|Any CPU.ActiveCfg = Release|Any CPU
		{47838BFF-9F59-45F0-B171-25D70CDCF05E}.Release|Any CPU.Build.0 = Release|Any CPU
		{08A724B7-807F-4D98-ACF7-922AF7748B70}.Debug|Any CPU.ActiveCfg = Debug|Any CPU
		{08A724B7-807F-4D98-ACF7-922AF7748B70}.Debug|Any CPU.Build.0 = Debug|Any CPU
		{08A724B7-807F-4D98-ACF7-922AF7748B70}.Release|Any CPU.ActiveCfg = Release|Any CPU
		{08A724B7-807F-4D98-ACF7-922AF7748B70}.Release|Any CPU.Build.0 = Release|Any CPU
		{08F0AA8E-A36C-4CFE-936F-86FEF0196657}.Debug|Any CPU.ActiveCfg = Debug|Any CPU
		{08F0AA8E-A36C-4CFE-936F-86FEF0196657}.Debug|Any CPU.Build.0 = Debug|Any CPU
		{08F0AA8E-A36C-4CFE-936F-86FEF0196657}.Release|Any CPU.ActiveCfg = Release|Any CPU
		{08F0AA8E-A36C-4CFE-936F-86FEF0196657}.Release|Any CPU.Build.0 = Release|Any CPU
		{FF14D973-1012-45D1-A611-D2825D44E849}.Debug|Any CPU.ActiveCfg = Debug|Any CPU
		{FF14D973-1012-45D1-A611-D2825D44E849}.Debug|Any CPU.Build.0 = Debug|Any CPU
		{FF14D973-1012-45D1-A611-D2825D44E849}.Release|Any CPU.ActiveCfg = Release|Any CPU
		{FF14D973-1012-45D1-A611-D2825D44E849}.Release|Any CPU.Build.0 = Release|Any CPU
		{E7FCD35D-9F22-484D-92B4-A52AC867C04E}.Debug|Any CPU.ActiveCfg = Debug|Any CPU
		{E7FCD35D-9F22-484D-92B4-A52AC867C04E}.Debug|Any CPU.Build.0 = Debug|Any CPU
		{E7FCD35D-9F22-484D-92B4-A52AC867C04E}.Release|Any CPU.ActiveCfg = Release|Any CPU
		{E7FCD35D-9F22-484D-92B4-A52AC867C04E}.Release|Any CPU.Build.0 = Release|Any CPU
		{DBEFABCA-E29E-4BD5-99AA-66C9490A5EFA}.Debug|Any CPU.ActiveCfg = Debug|Any CPU
		{DBEFABCA-E29E-4BD5-99AA-66C9490A5EFA}.Debug|Any CPU.Build.0 = Debug|Any CPU
		{DBEFABCA-E29E-4BD5-99AA-66C9490A5EFA}.Release|Any CPU.ActiveCfg = Release|Any CPU
		{DBEFABCA-E29E-4BD5-99AA-66C9490A5EFA}.Release|Any CPU.Build.0 = Release|Any CPU
		{1D669893-6F71-40D4-929A-8D4E4BC54C05}.Debug|Any CPU.ActiveCfg = Debug|Any CPU
		{1D669893-6F71-40D4-929A-8D4E4BC54C05}.Debug|Any CPU.Build.0 = Debug|Any CPU
		{1D669893-6F71-40D4-929A-8D4E4BC54C05}.Release|Any CPU.ActiveCfg = Release|Any CPU
		{1D669893-6F71-40D4-929A-8D4E4BC54C05}.Release|Any CPU.Build.0 = Release|Any CPU
		{25C858CA-3D5A-4E3C-8C5E-D722694064BD}.Debug|Any CPU.ActiveCfg = Debug|Any CPU
		{25C858CA-3D5A-4E3C-8C5E-D722694064BD}.Debug|Any CPU.Build.0 = Debug|Any CPU
		{25C858CA-3D5A-4E3C-8C5E-D722694064BD}.Release|Any CPU.ActiveCfg = Release|Any CPU
		{25C858CA-3D5A-4E3C-8C5E-D722694064BD}.Release|Any CPU.Build.0 = Release|Any CPU
		{62D22BF2-C29F-421D-882C-9EAC9E69A67B}.Debug|Any CPU.ActiveCfg = Debug|Any CPU
		{62D22BF2-C29F-421D-882C-9EAC9E69A67B}.Debug|Any CPU.Build.0 = Debug|Any CPU
		{62D22BF2-C29F-421D-882C-9EAC9E69A67B}.Release|Any CPU.ActiveCfg = Release|Any CPU
		{62D22BF2-C29F-421D-882C-9EAC9E69A67B}.Release|Any CPU.Build.0 = Release|Any CPU
		{202439A3-D21A-4866-862E-6A095192F1DA}.Debug|Any CPU.ActiveCfg = Debug|Any CPU
		{202439A3-D21A-4866-862E-6A095192F1DA}.Debug|Any CPU.Build.0 = Debug|Any CPU
		{202439A3-D21A-4866-862E-6A095192F1DA}.Release|Any CPU.ActiveCfg = Release|Any CPU
		{202439A3-D21A-4866-862E-6A095192F1DA}.Release|Any CPU.Build.0 = Release|Any CPU
		{3ED1D31E-32C8-4537-BD51-F228403AB0FE}.Debug|Any CPU.ActiveCfg = Debug|Any CPU
		{3ED1D31E-32C8-4537-BD51-F228403AB0FE}.Debug|Any CPU.Build.0 = Debug|Any CPU
		{3ED1D31E-32C8-4537-BD51-F228403AB0FE}.Release|Any CPU.ActiveCfg = Release|Any CPU
		{3ED1D31E-32C8-4537-BD51-F228403AB0FE}.Release|Any CPU.Build.0 = Release|Any CPU
		{22699D36-DA29-4E40-9D53-FD0B016FB5AB}.Debug|Any CPU.ActiveCfg = Debug|Any CPU
		{22699D36-DA29-4E40-9D53-FD0B016FB5AB}.Debug|Any CPU.Build.0 = Debug|Any CPU
		{22699D36-DA29-4E40-9D53-FD0B016FB5AB}.Release|Any CPU.ActiveCfg = Release|Any CPU
		{22699D36-DA29-4E40-9D53-FD0B016FB5AB}.Release|Any CPU.Build.0 = Release|Any CPU
		{D1DB9DEB-2916-4CE8-96C8-B0ACDE633B1E}.Debug|Any CPU.ActiveCfg = Debug|Any CPU
		{D1DB9DEB-2916-4CE8-96C8-B0ACDE633B1E}.Debug|Any CPU.Build.0 = Debug|Any CPU
		{D1DB9DEB-2916-4CE8-96C8-B0ACDE633B1E}.Release|Any CPU.ActiveCfg = Release|Any CPU
		{D1DB9DEB-2916-4CE8-96C8-B0ACDE633B1E}.Release|Any CPU.Build.0 = Release|Any CPU
		{9263A8D9-5999-4693-90BE-BEA6676E6DD2}.Debug|Any CPU.ActiveCfg = Debug|Any CPU
		{9263A8D9-5999-4693-90BE-BEA6676E6DD2}.Debug|Any CPU.Build.0 = Debug|Any CPU
		{9263A8D9-5999-4693-90BE-BEA6676E6DD2}.Release|Any CPU.ActiveCfg = Release|Any CPU
		{9263A8D9-5999-4693-90BE-BEA6676E6DD2}.Release|Any CPU.Build.0 = Release|Any CPU
		{7523F6EE-12B6-4F52-8C34-0E9A328FFD13}.Debug|Any CPU.ActiveCfg = Debug|Any CPU
		{7523F6EE-12B6-4F52-8C34-0E9A328FFD13}.Debug|Any CPU.Build.0 = Debug|Any CPU
		{7523F6EE-12B6-4F52-8C34-0E9A328FFD13}.Release|Any CPU.ActiveCfg = Release|Any CPU
		{7523F6EE-12B6-4F52-8C34-0E9A328FFD13}.Release|Any CPU.Build.0 = Release|Any CPU
		{4F64F92F-0343-44FB-AEF9-6F96ED2E867D}.Debug|Any CPU.ActiveCfg = Debug|Any CPU
		{4F64F92F-0343-44FB-AEF9-6F96ED2E867D}.Debug|Any CPU.Build.0 = Debug|Any CPU
		{4F64F92F-0343-44FB-AEF9-6F96ED2E867D}.Release|Any CPU.ActiveCfg = Release|Any CPU
		{4F64F92F-0343-44FB-AEF9-6F96ED2E867D}.Release|Any CPU.Build.0 = Release|Any CPU
		{A53658E2-CE5C-47EB-9C67-56C39C60A9E9}.Debug|Any CPU.ActiveCfg = Debug|Any CPU
		{A53658E2-CE5C-47EB-9C67-56C39C60A9E9}.Debug|Any CPU.Build.0 = Debug|Any CPU
		{A53658E2-CE5C-47EB-9C67-56C39C60A9E9}.Release|Any CPU.ActiveCfg = Release|Any CPU
		{A53658E2-CE5C-47EB-9C67-56C39C60A9E9}.Release|Any CPU.Build.0 = Release|Any CPU
		{3DC9FFB9-3806-4625-B199-E8B83C84C2D0}.Debug|Any CPU.ActiveCfg = Debug|Any CPU
		{3DC9FFB9-3806-4625-B199-E8B83C84C2D0}.Debug|Any CPU.Build.0 = Debug|Any CPU
		{3DC9FFB9-3806-4625-B199-E8B83C84C2D0}.Release|Any CPU.ActiveCfg = Release|Any CPU
		{3DC9FFB9-3806-4625-B199-E8B83C84C2D0}.Release|Any CPU.Build.0 = Release|Any CPU
		{8C67BDBE-6AA6-48A9-BB01-6833AF7EF066}.Debug|Any CPU.ActiveCfg = Debug|Any CPU
		{8C67BDBE-6AA6-48A9-BB01-6833AF7EF066}.Debug|Any CPU.Build.0 = Debug|Any CPU
		{8C67BDBE-6AA6-48A9-BB01-6833AF7EF066}.Release|Any CPU.ActiveCfg = Release|Any CPU
		{8C67BDBE-6AA6-48A9-BB01-6833AF7EF066}.Release|Any CPU.Build.0 = Release|Any CPU
		{AD9168CD-5845-4F86-8ABC-4C5AFE1AC3FB}.Debug|Any CPU.ActiveCfg = Debug|Any CPU
		{AD9168CD-5845-4F86-8ABC-4C5AFE1AC3FB}.Debug|Any CPU.Build.0 = Debug|Any CPU
		{AD9168CD-5845-4F86-8ABC-4C5AFE1AC3FB}.Release|Any CPU.ActiveCfg = Release|Any CPU
		{AD9168CD-5845-4F86-8ABC-4C5AFE1AC3FB}.Release|Any CPU.Build.0 = Release|Any CPU
		{D8918FFB-2CC1-421B-A287-A77F30C73314}.Debug|Any CPU.ActiveCfg = Debug|Any CPU
		{D8918FFB-2CC1-421B-A287-A77F30C73314}.Debug|Any CPU.Build.0 = Debug|Any CPU
		{D8918FFB-2CC1-421B-A287-A77F30C73314}.Release|Any CPU.ActiveCfg = Release|Any CPU
		{D8918FFB-2CC1-421B-A287-A77F30C73314}.Release|Any CPU.Build.0 = Release|Any CPU
		{654CBECB-FAC3-4968-97D3-F1B6BE97E1E5}.Debug|Any CPU.ActiveCfg = Debug|Any CPU
		{654CBECB-FAC3-4968-97D3-F1B6BE97E1E5}.Debug|Any CPU.Build.0 = Debug|Any CPU
		{654CBECB-FAC3-4968-97D3-F1B6BE97E1E5}.Release|Any CPU.ActiveCfg = Release|Any CPU
		{654CBECB-FAC3-4968-97D3-F1B6BE97E1E5}.Release|Any CPU.Build.0 = Release|Any CPU
		{E1EACBD4-3418-4EC8-8EC6-AF8314485C55}.Debug|Any CPU.ActiveCfg = Debug|Any CPU
		{E1EACBD4-3418-4EC8-8EC6-AF8314485C55}.Debug|Any CPU.Build.0 = Debug|Any CPU
		{E1EACBD4-3418-4EC8-8EC6-AF8314485C55}.Release|Any CPU.ActiveCfg = Release|Any CPU
		{E1EACBD4-3418-4EC8-8EC6-AF8314485C55}.Release|Any CPU.Build.0 = Release|Any CPU
		{CFAF7C44-4926-4C90-A14E-3FE7A33B5639}.Debug|Any CPU.ActiveCfg = Debug|Any CPU
		{CFAF7C44-4926-4C90-A14E-3FE7A33B5639}.Debug|Any CPU.Build.0 = Debug|Any CPU
		{CFAF7C44-4926-4C90-A14E-3FE7A33B5639}.Release|Any CPU.ActiveCfg = Release|Any CPU
		{CFAF7C44-4926-4C90-A14E-3FE7A33B5639}.Release|Any CPU.Build.0 = Release|Any CPU
		{6DB6FDDB-07ED-4FA9-ABBA-D0AFC294EABE}.Debug|Any CPU.ActiveCfg = Debug|Any CPU
		{6DB6FDDB-07ED-4FA9-ABBA-D0AFC294EABE}.Debug|Any CPU.Build.0 = Debug|Any CPU
		{6DB6FDDB-07ED-4FA9-ABBA-D0AFC294EABE}.Release|Any CPU.ActiveCfg = Release|Any CPU
		{6DB6FDDB-07ED-4FA9-ABBA-D0AFC294EABE}.Release|Any CPU.Build.0 = Release|Any CPU
		{8483769E-096E-4C9A-966F-C55136842483}.Debug|Any CPU.ActiveCfg = Debug|Any CPU
		{8483769E-096E-4C9A-966F-C55136842483}.Debug|Any CPU.Build.0 = Debug|Any CPU
		{8483769E-096E-4C9A-966F-C55136842483}.Release|Any CPU.ActiveCfg = Release|Any CPU
		{8483769E-096E-4C9A-966F-C55136842483}.Release|Any CPU.Build.0 = Release|Any CPU
		{A987F0AF-BC2B-404C-AB6A-A135BB978EEA}.Debug|Any CPU.ActiveCfg = Debug|Any CPU
		{A987F0AF-BC2B-404C-AB6A-A135BB978EEA}.Debug|Any CPU.Build.0 = Debug|Any CPU
		{A987F0AF-BC2B-404C-AB6A-A135BB978EEA}.Release|Any CPU.ActiveCfg = Release|Any CPU
		{A987F0AF-BC2B-404C-AB6A-A135BB978EEA}.Release|Any CPU.Build.0 = Release|Any CPU
		{CD3381B7-F578-46D0-BF08-1DB2991A1DF3}.Debug|Any CPU.ActiveCfg = Debug|Any CPU
		{CD3381B7-F578-46D0-BF08-1DB2991A1DF3}.Debug|Any CPU.Build.0 = Debug|Any CPU
		{CD3381B7-F578-46D0-BF08-1DB2991A1DF3}.Release|Any CPU.ActiveCfg = Release|Any CPU
		{CD3381B7-F578-46D0-BF08-1DB2991A1DF3}.Release|Any CPU.Build.0 = Release|Any CPU
		{14A7FDD0-8EF7-4814-9DCD-E5ABD93703EC}.Debug|Any CPU.ActiveCfg = Debug|Any CPU
		{14A7FDD0-8EF7-4814-9DCD-E5ABD93703EC}.Debug|Any CPU.Build.0 = Debug|Any CPU
		{14A7FDD0-8EF7-4814-9DCD-E5ABD93703EC}.Release|Any CPU.ActiveCfg = Release|Any CPU
		{14A7FDD0-8EF7-4814-9DCD-E5ABD93703EC}.Release|Any CPU.Build.0 = Release|Any CPU
		{B41D9BED-88F2-4E63-9CAC-01D776AF5F7A}.Debug|Any CPU.ActiveCfg = Debug|Any CPU
		{B41D9BED-88F2-4E63-9CAC-01D776AF5F7A}.Debug|Any CPU.Build.0 = Debug|Any CPU
		{B41D9BED-88F2-4E63-9CAC-01D776AF5F7A}.Release|Any CPU.ActiveCfg = Release|Any CPU
		{B41D9BED-88F2-4E63-9CAC-01D776AF5F7A}.Release|Any CPU.Build.0 = Release|Any CPU
		{940D52D6-4FA5-4CD2-B42D-FB20DE81657E}.Debug|Any CPU.ActiveCfg = Debug|Any CPU
		{940D52D6-4FA5-4CD2-B42D-FB20DE81657E}.Debug|Any CPU.Build.0 = Debug|Any CPU
		{940D52D6-4FA5-4CD2-B42D-FB20DE81657E}.Release|Any CPU.ActiveCfg = Release|Any CPU
		{940D52D6-4FA5-4CD2-B42D-FB20DE81657E}.Release|Any CPU.Build.0 = Release|Any CPU
	EndGlobalSection
	GlobalSection(SolutionProperties) = preSolution
		HideSolutionNode = FALSE
	EndGlobalSection
	GlobalSection(ExtensibilityGlobals) = postSolution
		SolutionGuid = {1019381C-3A2B-4A39-8100-A414794FD6CB}
	EndGlobalSection
EndGlobal
