
Microsoft Visual Studio Solution File, Format Version 12.00
# Visual Studio Version 16
VisualStudioVersion = 16.0.31105.61
MinimumVisualStudioVersion = 10.0.40219.1
Project("{FAE04EC0-301F-11D3-BF4B-00C04F79EFBC}") = "OperadorIF", "OperadorIF\OperadorIF.csproj", "{CFF9B15A-FE20-4313-909E-7858A75E7EFF}"
EndProject
Project("{FAE04EC0-301F-11D3-BF4B-00C04F79EFBC}") = "Switch", "Switch\Switch.csproj", "{F32F5A08-4458-47CD-8453-F27491230C6A}"
EndProject
Global
	GlobalSection(SolutionConfigurationPlatforms) = preSolution
		Debug|Any CPU = Debug|Any CPU
		Release|Any CPU = Release|Any CPU
	EndGlobalSection
	GlobalSection(ProjectConfigurationPlatforms) = postSolution
		{CFF9B15A-FE20-4313-909E-7858A75E7EFF}.Debug|Any CPU.ActiveCfg = Debug|Any CPU
		{CFF9B15A-FE20-4313-909E-7858A75E7EFF}.Debug|Any CPU.Build.0 = Debug|Any CPU
		{CFF9B15A-FE20-4313-909E-7858A75E7EFF}.Release|Any CPU.ActiveCfg = Release|Any CPU
		{CFF9B15A-FE20-4313-909E-7858A75E7EFF}.Release|Any CPU.Build.0 = Release|Any CPU
		{F32F5A08-4458-47CD-8453-F27491230C6A}.Debug|Any CPU.ActiveCfg = Debug|Any CPU
		{F32F5A08-4458-47CD-8453-F27491230C6A}.Debug|Any CPU.Build.0 = Debug|Any CPU
		{F32F5A08-4458-47CD-8453-F27491230C6A}.Release|Any CPU.ActiveCfg = Release|Any CPU
		{F32F5A08-4458-47CD-8453-F27491230C6A}.Release|Any CPU.Build.0 = Release|Any CPU
	EndGlobalSection
	GlobalSection(SolutionProperties) = preSolution
		HideSolutionNode = FALSE
	EndGlobalSection
	GlobalSection(ExtensibilityGlobals) = postSolution
		SolutionGuid = {A7EC4B2E-9A53-4067-AE46-E3EF75DA40AF}
	EndGlobalSection
EndGlobal
