
Microsoft Visual Studio Solution File, Format Version 11.00
# Visual Studio 2010
# SharpDevelop 5.1
Project("{FAE04EC0-301F-11D3-BF4B-00C04F79EFBC}") = "Classes01_E01", "Classes01_E01\Classes01_E01.csproj", "{EAC08497-7C9A-4A04-A9BF-6A88317FF3D9}"
EndProject
Global
	GlobalSection(SolutionConfigurationPlatforms) = preSolution
		Debug|Any CPU = Debug|Any CPU
		Release|Any CPU = Release|Any CPU
	EndGlobalSection
	GlobalSection(ProjectConfigurationPlatforms) = postSolution
		{EAC08497-7C9A-4A04-A9BF-6A88317FF3D9}.Debug|Any CPU.ActiveCfg = Debug|Any CPU
		{EAC08497-7C9A-4A04-A9BF-6A88317FF3D9}.Debug|Any CPU.Build.0 = Debug|Any CPU
		{EAC08497-7C9A-4A04-A9BF-6A88317FF3D9}.Release|Any CPU.ActiveCfg = Release|Any CPU
		{EAC08497-7C9A-4A04-A9BF-6A88317FF3D9}.Release|Any CPU.Build.0 = Release|Any CPU
	EndGlobalSection
EndGlobal
