
Microsoft Visual Studio Solution File, Format Version 11.00
# Visual Studio 2010
# SharpDevelop 5.1
Project("{FAE04EC0-301F-11D3-BF4B-00C04F79EFBC}") = "Strings03_01", "Strings03_01\Strings03_01.csproj", "{6BEFC1DD-9E51-494A-BE5F-04984D437B91}"
EndProject
Project("{FAE04EC0-301F-11D3-BF4B-00C04F79EFBC}") = "Strings03_E02", "Strings03_E02\Strings03_E02.csproj", "{A5B4D437-7FFA-4036-83A0-BB14BFB65E99}"
EndProject
Project("{FAE04EC0-301F-11D3-BF4B-00C04F79EFBC}") = "Strings03_E03", "Strings03_E03\Strings03_E03.csproj", "{8E47163A-8F63-45E1-9F5E-7DA91A93D340}"
EndProject
Global
	GlobalSection(SolutionConfigurationPlatforms) = preSolution
		Debug|Any CPU = Debug|Any CPU
		Release|Any CPU = Release|Any CPU
	EndGlobalSection
	GlobalSection(ProjectConfigurationPlatforms) = postSolution
		{6BEFC1DD-9E51-494A-BE5F-04984D437B91}.Debug|Any CPU.ActiveCfg = Debug|Any CPU
		{6BEFC1DD-9E51-494A-BE5F-04984D437B91}.Debug|Any CPU.Build.0 = Debug|Any CPU
		{6BEFC1DD-9E51-494A-BE5F-04984D437B91}.Release|Any CPU.ActiveCfg = Release|Any CPU
		{6BEFC1DD-9E51-494A-BE5F-04984D437B91}.Release|Any CPU.Build.0 = Release|Any CPU
		{A5B4D437-7FFA-4036-83A0-BB14BFB65E99}.Debug|Any CPU.ActiveCfg = Debug|Any CPU
		{A5B4D437-7FFA-4036-83A0-BB14BFB65E99}.Debug|Any CPU.Build.0 = Debug|Any CPU
		{A5B4D437-7FFA-4036-83A0-BB14BFB65E99}.Release|Any CPU.ActiveCfg = Release|Any CPU
		{A5B4D437-7FFA-4036-83A0-BB14BFB65E99}.Release|Any CPU.Build.0 = Release|Any CPU
		{8E47163A-8F63-45E1-9F5E-7DA91A93D340}.Debug|Any CPU.ActiveCfg = Debug|Any CPU
		{8E47163A-8F63-45E1-9F5E-7DA91A93D340}.Debug|Any CPU.Build.0 = Debug|Any CPU
		{8E47163A-8F63-45E1-9F5E-7DA91A93D340}.Release|Any CPU.ActiveCfg = Release|Any CPU
		{8E47163A-8F63-45E1-9F5E-7DA91A93D340}.Release|Any CPU.Build.0 = Release|Any CPU
	EndGlobalSection
EndGlobal
