
Microsoft Visual Studio Solution File, Format Version 12.00
# Visual Studio Version 16
VisualStudioVersion = 16.0.31105.61
MinimumVisualStudioVersion = 10.0.40219.1
Project("{9A19103F-16F7-4668-BE54-9A1E7A4F7556}") = "Inteiros", "Inteiros\Inteiros.csproj", "{E03F90E5-6357-4334-865D-F58A748CB1E3}"
EndProject
Project("{9A19103F-16F7-4668-BE54-9A1E7A4F7556}") = "Flutuantes", "Flutuantes\Flutuantes.csproj", "{02053937-77E4-415F-A871-5952438D5DF5}"
EndProject
Project("{9A19103F-16F7-4668-BE54-9A1E7A4F7556}") = "Bool", "Bool\Bool.csproj", "{C33C2156-489E-4E58-B1F4-C073729BFD6E}"
EndProject
Project("{9A19103F-16F7-4668-BE54-9A1E7A4F7556}") = "Enum", "Enum\Enum.csproj", "{4912E29C-C9B2-4C53-BB8D-B09DB4FCB7AB}"
EndProject
Project("{9A19103F-16F7-4668-BE54-9A1E7A4F7556}") = "Strings", "Strings\Strings.csproj", "{9E117730-C18F-46C9-A6CC-84D8D8CA8974}"
EndProject
Project("{9A19103F-16F7-4668-BE54-9A1E7A4F7556}") = "Char", "Char\Char.csproj", "{E724552A-6FF0-4E0B-9B4C-1B16B8BBC573}"
EndProject
Project("{9A19103F-16F7-4668-BE54-9A1E7A4F7556}") = "Vetores", "Arrays\Vetores.csproj", "{3F1E3DC6-8CE8-4B43-ABC9-E1DF3B31332C}"
EndProject
Project("{FAE04EC0-301F-11D3-BF4B-00C04F79EFBC}") = "List", "List\List.csproj", "{A0CC1544-BF5C-411C-82C0-96022A45920C}"
EndProject
Project("{FAE04EC0-301F-11D3-BF4B-00C04F79EFBC}") = "Matrizes", "Matrizes\Matrizes.csproj", "{5FE92791-9AF7-4A82-B342-84BA8DE051F8}"
EndProject
Global
	GlobalSection(SolutionConfigurationPlatforms) = preSolution
		Debug|Any CPU = Debug|Any CPU
		Release|Any CPU = Release|Any CPU
	EndGlobalSection
	GlobalSection(ProjectConfigurationPlatforms) = postSolution
		{E03F90E5-6357-4334-865D-F58A748CB1E3}.Debug|Any CPU.ActiveCfg = Debug|Any CPU
		{E03F90E5-6357-4334-865D-F58A748CB1E3}.Debug|Any CPU.Build.0 = Debug|Any CPU
		{E03F90E5-6357-4334-865D-F58A748CB1E3}.Release|Any CPU.ActiveCfg = Release|Any CPU
		{E03F90E5-6357-4334-865D-F58A748CB1E3}.Release|Any CPU.Build.0 = Release|Any CPU
		{02053937-77E4-415F-A871-5952438D5DF5}.Debug|Any CPU.ActiveCfg = Debug|Any CPU
		{02053937-77E4-415F-A871-5952438D5DF5}.Debug|Any CPU.Build.0 = Debug|Any CPU
		{02053937-77E4-415F-A871-5952438D5DF5}.Release|Any CPU.ActiveCfg = Release|Any CPU
		{02053937-77E4-415F-A871-5952438D5DF5}.Release|Any CPU.Build.0 = Release|Any CPU
		{C33C2156-489E-4E58-B1F4-C073729BFD6E}.Debug|Any CPU.ActiveCfg = Debug|Any CPU
		{C33C2156-489E-4E58-B1F4-C073729BFD6E}.Debug|Any CPU.Build.0 = Debug|Any CPU
		{C33C2156-489E-4E58-B1F4-C073729BFD6E}.Release|Any CPU.ActiveCfg = Release|Any CPU
		{C33C2156-489E-4E58-B1F4-C073729BFD6E}.Release|Any CPU.Build.0 = Release|Any CPU
		{4912E29C-C9B2-4C53-BB8D-B09DB4FCB7AB}.Debug|Any CPU.ActiveCfg = Debug|Any CPU
		{4912E29C-C9B2-4C53-BB8D-B09DB4FCB7AB}.Debug|Any CPU.Build.0 = Debug|Any CPU
		{4912E29C-C9B2-4C53-BB8D-B09DB4FCB7AB}.Release|Any CPU.ActiveCfg = Release|Any CPU
		{4912E29C-C9B2-4C53-BB8D-B09DB4FCB7AB}.Release|Any CPU.Build.0 = Release|Any CPU
		{9E117730-C18F-46C9-A6CC-84D8D8CA8974}.Debug|Any CPU.ActiveCfg = Debug|Any CPU
		{9E117730-C18F-46C9-A6CC-84D8D8CA8974}.Debug|Any CPU.Build.0 = Debug|Any CPU
		{9E117730-C18F-46C9-A6CC-84D8D8CA8974}.Release|Any CPU.ActiveCfg = Release|Any CPU
		{9E117730-C18F-46C9-A6CC-84D8D8CA8974}.Release|Any CPU.Build.0 = Release|Any CPU
		{E724552A-6FF0-4E0B-9B4C-1B16B8BBC573}.Debug|Any CPU.ActiveCfg = Debug|Any CPU
		{E724552A-6FF0-4E0B-9B4C-1B16B8BBC573}.Debug|Any CPU.Build.0 = Debug|Any CPU
		{E724552A-6FF0-4E0B-9B4C-1B16B8BBC573}.Release|Any CPU.ActiveCfg = Release|Any CPU
		{E724552A-6FF0-4E0B-9B4C-1B16B8BBC573}.Release|Any CPU.Build.0 = Release|Any CPU
		{3F1E3DC6-8CE8-4B43-ABC9-E1DF3B31332C}.Debug|Any CPU.ActiveCfg = Debug|Any CPU
		{3F1E3DC6-8CE8-4B43-ABC9-E1DF3B31332C}.Debug|Any CPU.Build.0 = Debug|Any CPU
		{3F1E3DC6-8CE8-4B43-ABC9-E1DF3B31332C}.Release|Any CPU.ActiveCfg = Release|Any CPU
		{3F1E3DC6-8CE8-4B43-ABC9-E1DF3B31332C}.Release|Any CPU.Build.0 = Release|Any CPU
		{A0CC1544-BF5C-411C-82C0-96022A45920C}.Debug|Any CPU.ActiveCfg = Debug|Any CPU
		{A0CC1544-BF5C-411C-82C0-96022A45920C}.Debug|Any CPU.Build.0 = Debug|Any CPU
		{A0CC1544-BF5C-411C-82C0-96022A45920C}.Release|Any CPU.ActiveCfg = Release|Any CPU
		{A0CC1544-BF5C-411C-82C0-96022A45920C}.Release|Any CPU.Build.0 = Release|Any CPU
		{5FE92791-9AF7-4A82-B342-84BA8DE051F8}.Debug|Any CPU.ActiveCfg = Debug|Any CPU
		{5FE92791-9AF7-4A82-B342-84BA8DE051F8}.Debug|Any CPU.Build.0 = Debug|Any CPU
		{5FE92791-9AF7-4A82-B342-84BA8DE051F8}.Release|Any CPU.ActiveCfg = Release|Any CPU
		{5FE92791-9AF7-4A82-B342-84BA8DE051F8}.Release|Any CPU.Build.0 = Release|Any CPU
	EndGlobalSection
	GlobalSection(SolutionProperties) = preSolution
		HideSolutionNode = FALSE
	EndGlobalSection
	GlobalSection(ExtensibilityGlobals) = postSolution
		SolutionGuid = {695CF3C9-E160-4097-8C67-18ED8A4ABD2F}
	EndGlobalSection
EndGlobal
