
Microsoft Visual Studio Solution File, Format Version 12.00
# Visual Studio Version 16
VisualStudioVersion = 16.0.31105.61
MinimumVisualStudioVersion = 10.0.40219.1
Project("{9A19103F-16F7-4668-BE54-9A1E7A4F7556}") = "OperadoresAritimericos", "OperadoresAritimericos\OperadoresAritimericos.csproj", "{8B0A25B2-F5F4-410A-833F-69DF38968E5D}"
EndProject
Project("{FAE04EC0-301F-11D3-BF4B-00C04F79EFBC}") = "OperadoresAtribuicao", "OperadoresAtribuicao\OperadoresAtribuicao.csproj", "{E2B3FF67-52CB-4D5B-AE5A-F5A06F2313E2}"
EndProject
Project("{FAE04EC0-301F-11D3-BF4B-00C04F79EFBC}") = "OperadoresComparacao", "OperadoresComparacao\OperadoresComparacao.csproj", "{30E0A91B-1F05-4A21-A330-DA58ABF4FEEF}"
EndProject
Project("{FAE04EC0-301F-11D3-BF4B-00C04F79EFBC}") = "OperadoresLogicos", "OperadoresLogicos\OperadoresLogicos.csproj", "{C71DB072-94B2-4B18-BCD6-14C0CDC61668}"
EndProject
Global
	GlobalSection(SolutionConfigurationPlatforms) = preSolution
		Debug|Any CPU = Debug|Any CPU
		Release|Any CPU = Release|Any CPU
	EndGlobalSection
	GlobalSection(ProjectConfigurationPlatforms) = postSolution
		{8B0A25B2-F5F4-410A-833F-69DF38968E5D}.Debug|Any CPU.ActiveCfg = Debug|Any CPU
		{8B0A25B2-F5F4-410A-833F-69DF38968E5D}.Debug|Any CPU.Build.0 = Debug|Any CPU
		{8B0A25B2-F5F4-410A-833F-69DF38968E5D}.Release|Any CPU.ActiveCfg = Release|Any CPU
		{8B0A25B2-F5F4-410A-833F-69DF38968E5D}.Release|Any CPU.Build.0 = Release|Any CPU
		{E2B3FF67-52CB-4D5B-AE5A-F5A06F2313E2}.Debug|Any CPU.ActiveCfg = Debug|Any CPU
		{E2B3FF67-52CB-4D5B-AE5A-F5A06F2313E2}.Debug|Any CPU.Build.0 = Debug|Any CPU
		{E2B3FF67-52CB-4D5B-AE5A-F5A06F2313E2}.Release|Any CPU.ActiveCfg = Release|Any CPU
		{E2B3FF67-52CB-4D5B-AE5A-F5A06F2313E2}.Release|Any CPU.Build.0 = Release|Any CPU
		{30E0A91B-1F05-4A21-A330-DA58ABF4FEEF}.Debug|Any CPU.ActiveCfg = Debug|Any CPU
		{30E0A91B-1F05-4A21-A330-DA58ABF4FEEF}.Debug|Any CPU.Build.0 = Debug|Any CPU
		{30E0A91B-1F05-4A21-A330-DA58ABF4FEEF}.Release|Any CPU.ActiveCfg = Release|Any CPU
		{30E0A91B-1F05-4A21-A330-DA58ABF4FEEF}.Release|Any CPU.Build.0 = Release|Any CPU
		{C71DB072-94B2-4B18-BCD6-14C0CDC61668}.Debug|Any CPU.ActiveCfg = Debug|Any CPU
		{C71DB072-94B2-4B18-BCD6-14C0CDC61668}.Debug|Any CPU.Build.0 = Debug|Any CPU
		{C71DB072-94B2-4B18-BCD6-14C0CDC61668}.Release|Any CPU.ActiveCfg = Release|Any CPU
		{C71DB072-94B2-4B18-BCD6-14C0CDC61668}.Release|Any CPU.Build.0 = Release|Any CPU
	EndGlobalSection
	GlobalSection(SolutionProperties) = preSolution
		HideSolutionNode = FALSE
	EndGlobalSection
	GlobalSection(ExtensibilityGlobals) = postSolution
		SolutionGuid = {489A3468-4D08-42AA-B9C0-C513F97F2E05}
	EndGlobalSection
EndGlobal
