
Microsoft Visual Studio Solution File, Format Version 12.00
# Visual Studio Version 16
VisualStudioVersion = 16.0.31105.61
MinimumVisualStudioVersion = 10.0.40219.1
Project("{FAE04EC0-301F-11D3-BF4B-00C04F79EFBC}") = "Constantes", "Constantes\Constantes.csproj", "{F18E26AA-833A-40C9-85E8-B59E2426B5BA}"
EndProject
Global
	GlobalSection(SolutionConfigurationPlatforms) = preSolution
		Debug|Any CPU = Debug|Any CPU
		Release|Any CPU = Release|Any CPU
	EndGlobalSection
	GlobalSection(ProjectConfigurationPlatforms) = postSolution
		{F18E26AA-833A-40C9-85E8-B59E2426B5BA}.Debug|Any CPU.ActiveCfg = Debug|Any CPU
		{F18E26AA-833A-40C9-85E8-B59E2426B5BA}.Debug|Any CPU.Build.0 = Debug|Any CPU
		{F18E26AA-833A-40C9-85E8-B59E2426B5BA}.Release|Any CPU.ActiveCfg = Release|Any CPU
		{F18E26AA-833A-40C9-85E8-B59E2426B5BA}.Release|Any CPU.Build.0 = Release|Any CPU
	EndGlobalSection
	GlobalSection(SolutionProperties) = preSolution
		HideSolutionNode = FALSE
	EndGlobalSection
	GlobalSection(ExtensibilityGlobals) = postSolution
		SolutionGuid = {2882F94D-AABA-41BA-9847-96F13D954141}
	EndGlobalSection
EndGlobal
